
Microsoft Visual Studio Solution File, Format Version 12.00
# Visual Studio Version 17
VisualStudioVersion = 17.8.34525.116
MinimumVisualStudioVersion = 10.0.40219.1
Project("{9A19103F-16F7-4668-BE54-9A1E7A4F7556}") = "UnicTopics", "UnicTopics\UnicTopics.csproj", "{CB6F049F-251C-4754-8EA1-C2C546B87147}"
EndProject
Project("{9A19103F-16F7-4668-BE54-9A1E7A4F7556}") = "WebApi", "WebApi\WebApi.csproj", "{0B9A1B2D-3807-429E-A42B-0BA50467A662}"
EndProject
Project("{2150E333-8FDC-42A3-9474-1A3956D46DE8}") = "01 - VIEW", "01 - VIEW", "{58DD2D48-3C3C-4662-8A24-B0C743643B13}"
EndProject
Project("{2150E333-8FDC-42A3-9474-1A3956D46DE8}") = "02 - CORE", "02 - CORE", "{0ABCD479-27DD-48F4-844E-E80C4E9EDE99}"
EndProject
Project("{FAE04EC0-301F-11D3-BF4B-00C04F79EFBC}") = "Application", "Application\Application.csproj", "{6D3AD83B-CDB2-4765-87E5-AC7BD9B1235F}"
EndProject
Project("{FAE04EC0-301F-11D3-BF4B-00C04F79EFBC}") = "Core", "Core\Core.csproj", "{13148944-FEE6-4319-AA6F-1C1AF721A9E0}"
EndProject
Project("{FAE04EC0-301F-11D3-BF4B-00C04F79EFBC}") = "Infrastructure", "Infrastructure\Infrastructure.csproj", "{6D4D1E9D-84C4-4A47-B536-E2F6FB0B5EDC}"
EndProject
Global
	GlobalSection(SolutionConfigurationPlatforms) = preSolution
		Debug|Any CPU = Debug|Any CPU
		Release|Any CPU = Release|Any CPU
	EndGlobalSection
	GlobalSection(ProjectConfigurationPlatforms) = postSolution
		{CB6F049F-251C-4754-8EA1-C2C546B87147}.Debug|Any CPU.ActiveCfg = Debug|Any CPU
		{CB6F049F-251C-4754-8EA1-C2C546B87147}.Debug|Any CPU.Build.0 = Debug|Any CPU
		{CB6F049F-251C-4754-8EA1-C2C546B87147}.Release|Any CPU.ActiveCfg = Release|Any CPU
		{CB6F049F-251C-4754-8EA1-C2C546B87147}.Release|Any CPU.Build.0 = Release|Any CPU
		{0B9A1B2D-3807-429E-A42B-0BA50467A662}.Debug|Any CPU.ActiveCfg = Debug|Any CPU
		{0B9A1B2D-3807-429E-A42B-0BA50467A662}.Debug|Any CPU.Build.0 = Debug|Any CPU
		{0B9A1B2D-3807-429E-A42B-0BA50467A662}.Release|Any CPU.ActiveCfg = Release|Any CPU
		{0B9A1B2D-3807-429E-A42B-0BA50467A662}.Release|Any CPU.Build.0 = Release|Any CPU
		{6D3AD83B-CDB2-4765-87E5-AC7BD9B1235F}.Debug|Any CPU.ActiveCfg = Debug|Any CPU
		{6D3AD83B-CDB2-4765-87E5-AC7BD9B1235F}.Debug|Any CPU.Build.0 = Debug|Any CPU
		{6D3AD83B-CDB2-4765-87E5-AC7BD9B1235F}.Release|Any CPU.ActiveCfg = Release|Any CPU
		{6D3AD83B-CDB2-4765-87E5-AC7BD9B1235F}.Release|Any CPU.Build.0 = Release|Any CPU
		{13148944-FEE6-4319-AA6F-1C1AF721A9E0}.Debug|Any CPU.ActiveCfg = Debug|Any CPU
		{13148944-FEE6-4319-AA6F-1C1AF721A9E0}.Debug|Any CPU.Build.0 = Debug|Any CPU
		{13148944-FEE6-4319-AA6F-1C1AF721A9E0}.Release|Any CPU.ActiveCfg = Release|Any CPU
		{13148944-FEE6-4319-AA6F-1C1AF721A9E0}.Release|Any CPU.Build.0 = Release|Any CPU
		{6D4D1E9D-84C4-4A47-B536-E2F6FB0B5EDC}.Debug|Any CPU.ActiveCfg = Debug|Any CPU
		{6D4D1E9D-84C4-4A47-B536-E2F6FB0B5EDC}.Debug|Any CPU.Build.0 = Debug|Any CPU
		{6D4D1E9D-84C4-4A47-B536-E2F6FB0B5EDC}.Release|Any CPU.ActiveCfg = Release|Any CPU
		{6D4D1E9D-84C4-4A47-B536-E2F6FB0B5EDC}.Release|Any CPU.Build.0 = Release|Any CPU
	EndGlobalSection
	GlobalSection(SolutionProperties) = preSolution
		HideSolutionNode = FALSE
	EndGlobalSection
	GlobalSection(NestedProjects) = preSolution
		{0B9A1B2D-3807-429E-A42B-0BA50467A662} = {58DD2D48-3C3C-4662-8A24-B0C743643B13}
		{6D3AD83B-CDB2-4765-87E5-AC7BD9B1235F} = {0ABCD479-27DD-48F4-844E-E80C4E9EDE99}
		{13148944-FEE6-4319-AA6F-1C1AF721A9E0} = {0ABCD479-27DD-48F4-844E-E80C4E9EDE99}
		{6D4D1E9D-84C4-4A47-B536-E2F6FB0B5EDC} = {0ABCD479-27DD-48F4-844E-E80C4E9EDE99}
	EndGlobalSection
	GlobalSection(ExtensibilityGlobals) = postSolution
		SolutionGuid = {6160219F-A783-45A7-BD55-6DBE37005AAB}
	EndGlobalSection
EndGlobal
